
Microsoft Visual Studio Solution File, Format Version 12.00
# Visual Studio Version 17
VisualStudioVersion = 17.8.34511.84
MinimumVisualStudioVersion = 10.0.40219.1
Project("{FAE04EC0-301F-11D3-BF4B-00C04F79EFBC}") = "WebMoHinh", "WebMoHinh\WebMoHinh.csproj", "{DE58220A-5FFF-46CB-87F7-08CE4063F08D}"
EndProject
Global
	GlobalSection(SolutionConfigurationPlatforms) = preSolution
		Debug|Any CPU = Debug|Any CPU
		Release|Any CPU = Release|Any CPU
	EndGlobalSection
	GlobalSection(ProjectConfigurationPlatforms) = postSolution
		{DE58220A-5FFF-46CB-87F7-08CE4063F08D}.Debug|Any CPU.ActiveCfg = Debug|Any CPU
		{DE58220A-5FFF-46CB-87F7-08CE4063F08D}.Debug|Any CPU.Build.0 = Debug|Any CPU
		{DE58220A-5FFF-46CB-87F7-08CE4063F08D}.Release|Any CPU.ActiveCfg = Release|Any CPU
		{DE58220A-5FFF-46CB-87F7-08CE4063F08D}.Release|Any CPU.Build.0 = Release|Any CPU
	EndGlobalSection
	GlobalSection(SolutionProperties) = preSolution
		HideSolutionNode = FALSE
	EndGlobalSection
	GlobalSection(ExtensibilityGlobals) = postSolution
		SolutionGuid = {5324FD36-FFD9-43EA-A3CB-6F624DE4368C}
	EndGlobalSection
EndGlobal
